
Microsoft Visual Studio Solution File, Format Version 12.00
# Visual Studio Version 16
VisualStudioVersion = 16.0.32106.194
MinimumVisualStudioVersion = 10.0.40219.1
Project("{FAE04EC0-301F-11D3-BF4B-00C04F79EFBC}") = "cv08", "cv08\cv08.csproj", "{371675E6-8110-4B2F-8374-28D09845EC18}"
EndProject
Global
	GlobalSection(SolutionConfigurationPlatforms) = preSolution
		Debug|Any CPU = Debug|Any CPU
		Release|Any CPU = Release|Any CPU
	EndGlobalSection
	GlobalSection(ProjectConfigurationPlatforms) = postSolution
		{371675E6-8110-4B2F-8374-28D09845EC18}.Debug|Any CPU.ActiveCfg = Debug|Any CPU
		{371675E6-8110-4B2F-8374-28D09845EC18}.Debug|Any CPU.Build.0 = Debug|Any CPU
		{371675E6-8110-4B2F-8374-28D09845EC18}.Release|Any CPU.ActiveCfg = Release|Any CPU
		{371675E6-8110-4B2F-8374-28D09845EC18}.Release|Any CPU.Build.0 = Release|Any CPU
	EndGlobalSection
	GlobalSection(SolutionProperties) = preSolution
		HideSolutionNode = FALSE
	EndGlobalSection
	GlobalSection(ExtensibilityGlobals) = postSolution
		SolutionGuid = {3E7122D3-B465-4238-9F62-EFD96522D486}
	EndGlobalSection
EndGlobal
