
Microsoft Visual Studio Solution File, Format Version 12.00
# Visual Studio Version 16
VisualStudioVersion = 16.0.32106.194
MinimumVisualStudioVersion = 10.0.40219.1
Project("{FAE04EC0-301F-11D3-BF4B-00C04F79EFBC}") = "cv12-3", "cv12-3\cv12-3.csproj", "{5AAE90FD-D838-4D98-90B3-238EC6E8FD22}"
EndProject
Global
	GlobalSection(SolutionConfigurationPlatforms) = preSolution
		Debug|Any CPU = Debug|Any CPU
		Release|Any CPU = Release|Any CPU
	EndGlobalSection
	GlobalSection(ProjectConfigurationPlatforms) = postSolution
		{5AAE90FD-D838-4D98-90B3-238EC6E8FD22}.Debug|Any CPU.ActiveCfg = Debug|Any CPU
		{5AAE90FD-D838-4D98-90B3-238EC6E8FD22}.Debug|Any CPU.Build.0 = Debug|Any CPU
		{5AAE90FD-D838-4D98-90B3-238EC6E8FD22}.Release|Any CPU.ActiveCfg = Release|Any CPU
		{5AAE90FD-D838-4D98-90B3-238EC6E8FD22}.Release|Any CPU.Build.0 = Release|Any CPU
	EndGlobalSection
	GlobalSection(SolutionProperties) = preSolution
		HideSolutionNode = FALSE
	EndGlobalSection
	GlobalSection(ExtensibilityGlobals) = postSolution
		SolutionGuid = {C8EF8E6D-91B4-42E7-8CB6-4A0D9ADC462E}
	EndGlobalSection
EndGlobal
